
Microsoft Visual Studio Solution File, Format Version 12.00
# Visual Studio Version 17
VisualStudioVersion = 17.8.34322.80
MinimumVisualStudioVersion = 10.0.40219.1
Project("{9A19103F-16F7-4668-BE54-9A1E7A4F7556}") = "ExchangeApi", "ExChangeApi\ExchangeApi.csproj", "{FA825A0E-1830-4D84-8137-4C164F422653}"
EndProject
Project("{2150E333-8FDC-42A3-9474-1A3956D46DE8}") = "Core", "Core", "{B1C33C90-C6D2-4C61-91B6-06945692DB28}"
EndProject
Project("{9A19103F-16F7-4668-BE54-9A1E7A4F7556}") = "ExchangeApi.Domain", "ExchangeApi.Domain\ExchangeApi.Domain.csproj", "{DB4E6DFB-6911-46A7-96F3-7B6A6547B50D}"
EndProject
Project("{9A19103F-16F7-4668-BE54-9A1E7A4F7556}") = "ExchangeApi.Application", "ExchangeApi.Application\ExchangeApi.Application.csproj", "{5BF87913-443D-4582-99E7-E443345A7D4A}"
EndProject
Project("{2150E333-8FDC-42A3-9474-1A3956D46DE8}") = "Presentation", "Presentation", "{CE16ADC6-BC02-457A-B718-B75165E63F61}"
EndProject
Project("{2150E333-8FDC-42A3-9474-1A3956D46DE8}") = "Infrastructure", "Infrastructure", "{04741595-F5F8-4739-82EF-67145EC2D225}"
EndProject
Project("{9A19103F-16F7-4668-BE54-9A1E7A4F7556}") = "ExchangeApi.Infrastructure", "ExchangeApi.Infrastructure\ExchangeApi.Infrastructure.csproj", "{C0612E27-5131-418B-951E-A5858C4189B8}"
EndProject
Project("{9A19103F-16F7-4668-BE54-9A1E7A4F7556}") = "ExchangeApi.Infrastructure.Identity", "ExchangeApi.Infrastructure.Identity\ExchangeApi.Infrastructure.Identity.csproj", "{3E5336C3-67D0-4BCB-9A06-7F0D95B1B06B}"
EndProject
Project("{9A19103F-16F7-4668-BE54-9A1E7A4F7556}") = "ExchangeApi.Infrastructure.Shered", "ExchangeApi.Infrastructure.Shered\ExchangeApi.Infrastructure.Shered.csproj", "{4D4041F9-BA93-445D-9E5B-11B5DD59D33C}"
EndProject
Project("{2150E333-8FDC-42A3-9474-1A3956D46DE8}") = "Src", "Src", "{767C8E3A-75F6-4BE8-8605-F9639D9394F9}"
EndProject
Project("{2150E333-8FDC-42A3-9474-1A3956D46DE8}") = "Services", "Services", "{AA924DDE-728A-4772-BD7E-44F5D4260D38}"
EndProject
Project("{2150E333-8FDC-42A3-9474-1A3956D46DE8}") = "ExchangeService", "ExchangeService", "{1D74C57C-DEA0-4EFF-8B5C-1EBB9ADDF139}"
EndProject
Project("{2150E333-8FDC-42A3-9474-1A3956D46DE8}") = "GrpcServices", "GrpcServices", "{1BA785B7-970E-422E-BCE2-AC0B29767094}"
EndProject
Project("{9A19103F-16F7-4668-BE54-9A1E7A4F7556}") = "Exchange.gRPCServer", "Exchange.gRPCServer\Exchange.gRPCServer.csproj", "{BCD6B9F4-D20C-4D77-8F14-0B13332B1B5A}"
EndProject
Project("{9A19103F-16F7-4668-BE54-9A1E7A4F7556}") = "Exchange.gRPCClient", "Exchange.gRPCClient\Exchange.gRPCClient.csproj", "{12E3F1F8-D34B-4287-BCE4-1924F2D29B4C}"
EndProject
Project("{2150E333-8FDC-42A3-9474-1A3956D46DE8}") = "GraphQlServices", "GraphQlServices", "{FF23F54B-4A54-405A-94A2-B8A2B54171FF}"
EndProject
Project("{9A19103F-16F7-4668-BE54-9A1E7A4F7556}") = "ExchangeApi.GraphQl", "ExchangeApi.GraphQl\ExchangeApi.GraphQl.csproj", "{5AA0A5BA-3329-429D-BE50-382051615D60}"
EndProject
Project("{2150E333-8FDC-42A3-9474-1A3956D46DE8}") = "Gateway", "Gateway", "{9E8AD789-D201-4FF2-A4C6-0F0F5F6E25B1}"
EndProject
Project("{9A19103F-16F7-4668-BE54-9A1E7A4F7556}") = "ExchangeApi.Gateway", "Exchangeapi.Gateway\ExchangeApi.Gateway.csproj", "{337B147C-7305-4B54-862B-D585580AE616}"
EndProject
Global
	GlobalSection(SolutionConfigurationPlatforms) = preSolution
		Debug|Any CPU = Debug|Any CPU
		Release|Any CPU = Release|Any CPU
	EndGlobalSection
	GlobalSection(ProjectConfigurationPlatforms) = postSolution
		{FA825A0E-1830-4D84-8137-4C164F422653}.Debug|Any CPU.ActiveCfg = Debug|Any CPU
		{FA825A0E-1830-4D84-8137-4C164F422653}.Debug|Any CPU.Build.0 = Debug|Any CPU
		{FA825A0E-1830-4D84-8137-4C164F422653}.Release|Any CPU.ActiveCfg = Release|Any CPU
		{FA825A0E-1830-4D84-8137-4C164F422653}.Release|Any CPU.Build.0 = Release|Any CPU
		{DB4E6DFB-6911-46A7-96F3-7B6A6547B50D}.Debug|Any CPU.ActiveCfg = Debug|Any CPU
		{DB4E6DFB-6911-46A7-96F3-7B6A6547B50D}.Debug|Any CPU.Build.0 = Debug|Any CPU
		{DB4E6DFB-6911-46A7-96F3-7B6A6547B50D}.Release|Any CPU.ActiveCfg = Release|Any CPU
		{DB4E6DFB-6911-46A7-96F3-7B6A6547B50D}.Release|Any CPU.Build.0 = Release|Any CPU
		{5BF87913-443D-4582-99E7-E443345A7D4A}.Debug|Any CPU.ActiveCfg = Debug|Any CPU
		{5BF87913-443D-4582-99E7-E443345A7D4A}.Debug|Any CPU.Build.0 = Debug|Any CPU
		{5BF87913-443D-4582-99E7-E443345A7D4A}.Release|Any CPU.ActiveCfg = Release|Any CPU
		{5BF87913-443D-4582-99E7-E443345A7D4A}.Release|Any CPU.Build.0 = Release|Any CPU
		{C0612E27-5131-418B-951E-A5858C4189B8}.Debug|Any CPU.ActiveCfg = Debug|Any CPU
		{C0612E27-5131-418B-951E-A5858C4189B8}.Debug|Any CPU.Build.0 = Debug|Any CPU
		{C0612E27-5131-418B-951E-A5858C4189B8}.Release|Any CPU.ActiveCfg = Release|Any CPU
		{C0612E27-5131-418B-951E-A5858C4189B8}.Release|Any CPU.Build.0 = Release|Any CPU
		{3E5336C3-67D0-4BCB-9A06-7F0D95B1B06B}.Debug|Any CPU.ActiveCfg = Debug|Any CPU
		{3E5336C3-67D0-4BCB-9A06-7F0D95B1B06B}.Debug|Any CPU.Build.0 = Debug|Any CPU
		{3E5336C3-67D0-4BCB-9A06-7F0D95B1B06B}.Release|Any CPU.ActiveCfg = Release|Any CPU
		{3E5336C3-67D0-4BCB-9A06-7F0D95B1B06B}.Release|Any CPU.Build.0 = Release|Any CPU
		{4D4041F9-BA93-445D-9E5B-11B5DD59D33C}.Debug|Any CPU.ActiveCfg = Debug|Any CPU
		{4D4041F9-BA93-445D-9E5B-11B5DD59D33C}.Debug|Any CPU.Build.0 = Debug|Any CPU
		{4D4041F9-BA93-445D-9E5B-11B5DD59D33C}.Release|Any CPU.ActiveCfg = Release|Any CPU
		{4D4041F9-BA93-445D-9E5B-11B5DD59D33C}.Release|Any CPU.Build.0 = Release|Any CPU
		{BCD6B9F4-D20C-4D77-8F14-0B13332B1B5A}.Debug|Any CPU.ActiveCfg = Debug|Any CPU
		{BCD6B9F4-D20C-4D77-8F14-0B13332B1B5A}.Debug|Any CPU.Build.0 = Debug|Any CPU
		{BCD6B9F4-D20C-4D77-8F14-0B13332B1B5A}.Release|Any CPU.ActiveCfg = Release|Any CPU
		{BCD6B9F4-D20C-4D77-8F14-0B13332B1B5A}.Release|Any CPU.Build.0 = Release|Any CPU
		{12E3F1F8-D34B-4287-BCE4-1924F2D29B4C}.Debug|Any CPU.ActiveCfg = Debug|Any CPU
		{12E3F1F8-D34B-4287-BCE4-1924F2D29B4C}.Debug|Any CPU.Build.0 = Debug|Any CPU
		{12E3F1F8-D34B-4287-BCE4-1924F2D29B4C}.Release|Any CPU.ActiveCfg = Release|Any CPU
		{12E3F1F8-D34B-4287-BCE4-1924F2D29B4C}.Release|Any CPU.Build.0 = Release|Any CPU
		{5AA0A5BA-3329-429D-BE50-382051615D60}.Debug|Any CPU.ActiveCfg = Debug|Any CPU
		{5AA0A5BA-3329-429D-BE50-382051615D60}.Debug|Any CPU.Build.0 = Debug|Any CPU
		{5AA0A5BA-3329-429D-BE50-382051615D60}.Release|Any CPU.ActiveCfg = Release|Any CPU
		{5AA0A5BA-3329-429D-BE50-382051615D60}.Release|Any CPU.Build.0 = Release|Any CPU
		{337B147C-7305-4B54-862B-D585580AE616}.Debug|Any CPU.ActiveCfg = Debug|Any CPU
		{337B147C-7305-4B54-862B-D585580AE616}.Debug|Any CPU.Build.0 = Debug|Any CPU
		{337B147C-7305-4B54-862B-D585580AE616}.Release|Any CPU.ActiveCfg = Release|Any CPU
		{337B147C-7305-4B54-862B-D585580AE616}.Release|Any CPU.Build.0 = Release|Any CPU
	EndGlobalSection
	GlobalSection(SolutionProperties) = preSolution
		HideSolutionNode = FALSE
	EndGlobalSection
	GlobalSection(NestedProjects) = preSolution
		{FA825A0E-1830-4D84-8137-4C164F422653} = {CE16ADC6-BC02-457A-B718-B75165E63F61}
		{B1C33C90-C6D2-4C61-91B6-06945692DB28} = {1D74C57C-DEA0-4EFF-8B5C-1EBB9ADDF139}
		{DB4E6DFB-6911-46A7-96F3-7B6A6547B50D} = {B1C33C90-C6D2-4C61-91B6-06945692DB28}
		{5BF87913-443D-4582-99E7-E443345A7D4A} = {B1C33C90-C6D2-4C61-91B6-06945692DB28}
		{CE16ADC6-BC02-457A-B718-B75165E63F61} = {1D74C57C-DEA0-4EFF-8B5C-1EBB9ADDF139}
		{04741595-F5F8-4739-82EF-67145EC2D225} = {1D74C57C-DEA0-4EFF-8B5C-1EBB9ADDF139}
		{C0612E27-5131-418B-951E-A5858C4189B8} = {04741595-F5F8-4739-82EF-67145EC2D225}
		{3E5336C3-67D0-4BCB-9A06-7F0D95B1B06B} = {04741595-F5F8-4739-82EF-67145EC2D225}
		{4D4041F9-BA93-445D-9E5B-11B5DD59D33C} = {04741595-F5F8-4739-82EF-67145EC2D225}
		{AA924DDE-728A-4772-BD7E-44F5D4260D38} = {767C8E3A-75F6-4BE8-8605-F9639D9394F9}
		{1D74C57C-DEA0-4EFF-8B5C-1EBB9ADDF139} = {AA924DDE-728A-4772-BD7E-44F5D4260D38}
		{1BA785B7-970E-422E-BCE2-AC0B29767094} = {767C8E3A-75F6-4BE8-8605-F9639D9394F9}
		{BCD6B9F4-D20C-4D77-8F14-0B13332B1B5A} = {1BA785B7-970E-422E-BCE2-AC0B29767094}
		{12E3F1F8-D34B-4287-BCE4-1924F2D29B4C} = {1BA785B7-970E-422E-BCE2-AC0B29767094}
		{FF23F54B-4A54-405A-94A2-B8A2B54171FF} = {767C8E3A-75F6-4BE8-8605-F9639D9394F9}
		{5AA0A5BA-3329-429D-BE50-382051615D60} = {FF23F54B-4A54-405A-94A2-B8A2B54171FF}
		{9E8AD789-D201-4FF2-A4C6-0F0F5F6E25B1} = {767C8E3A-75F6-4BE8-8605-F9639D9394F9}
		{337B147C-7305-4B54-862B-D585580AE616} = {9E8AD789-D201-4FF2-A4C6-0F0F5F6E25B1}
	EndGlobalSection
	GlobalSection(ExtensibilityGlobals) = postSolution
		SolutionGuid = {059B9613-0BC2-4EEF-AD8A-4652E6E63DF5}
	EndGlobalSection
EndGlobal
