
Microsoft Visual Studio Solution File, Format Version 12.00
# Visual Studio Version 17
VisualStudioVersion = 17.8.34322.80
MinimumVisualStudioVersion = 10.0.40219.1
Project("{9A19103F-16F7-4668-BE54-9A1E7A4F7556}") = "ExchangeApi", "ExChangeApi\ExchangeApi.csproj", "{FA825A0E-1830-4D84-8137-4C164F422653}"
EndProject
Project("{2150E333-8FDC-42A3-9474-1A3956D46DE8}") = "Core", "Core", "{B1C33C90-C6D2-4C61-91B6-06945692DB28}"
EndProject
Project("{9A19103F-16F7-4668-BE54-9A1E7A4F7556}") = "ExchangeApi.Domain", "ExchangeApi.Domain\ExchangeApi.Domain.csproj", "{DB4E6DFB-6911-46A7-96F3-7B6A6547B50D}"
EndProject
Project("{9A19103F-16F7-4668-BE54-9A1E7A4F7556}") = "ExchangeApi.Application", "ExchangeApi.Application\ExchangeApi.Application.csproj", "{5BF87913-443D-4582-99E7-E443345A7D4A}"
EndProject
Project("{2150E333-8FDC-42A3-9474-1A3956D46DE8}") = "Presentation", "Presentation", "{CE16ADC6-BC02-457A-B718-B75165E63F61}"
EndProject
Project("{2150E333-8FDC-42A3-9474-1A3956D46DE8}") = "Infrustructure", "Infrustructure", "{04741595-F5F8-4739-82EF-67145EC2D225}"
EndProject
Project("{9A19103F-16F7-4668-BE54-9A1E7A4F7556}") = "ExchangeApi.Infrustructure", "ExchangeApi.Infrustructure\ExchangeApi.Infrustructure.csproj", "{C0612E27-5131-418B-951E-A5858C4189B8}"
EndProject
Project("{9A19103F-16F7-4668-BE54-9A1E7A4F7556}") = "ExchangeApi.Infrustructure.Identity", "ExchangeApi.Infrustructure.Identity\ExchangeApi.Infrustructure.Identity.csproj", "{3E5336C3-67D0-4BCB-9A06-7F0D95B1B06B}"
EndProject
Project("{9A19103F-16F7-4668-BE54-9A1E7A4F7556}") = "ExchangeApi.Infrustructure.Shered", "ExchangeApi.Infrustructure.Shered\ExchangeApi.Infrustructure.Shered.csproj", "{4D4041F9-BA93-445D-9E5B-11B5DD59D33C}"
EndProject
Project("{2150E333-8FDC-42A3-9474-1A3956D46DE8}") = "Src", "Src", "{767C8E3A-75F6-4BE8-8605-F9639D9394F9}"
EndProject
Project("{2150E333-8FDC-42A3-9474-1A3956D46DE8}") = "Services", "Services", "{AA924DDE-728A-4772-BD7E-44F5D4260D38}"
EndProject
Project("{2150E333-8FDC-42A3-9474-1A3956D46DE8}") = "ExchangeService", "ExchangeService", "{1D74C57C-DEA0-4EFF-8B5C-1EBB9ADDF139}"
EndProject
Project("{2150E333-8FDC-42A3-9474-1A3956D46DE8}") = "Getway", "Getway", "{65772319-C714-4200-9A8F-87435584946B}"
EndProject
Project("{FAE04EC0-301F-11D3-BF4B-00C04F79EFBC}") = "ExchangeApi.Getway", "ExchangeApi.Getway\ExchangeApi.Getway.csproj", "{DAD98B6E-2147-4D79-B47F-FE1871C296D0}"
EndProject
Global
	GlobalSection(SolutionConfigurationPlatforms) = preSolution
		Debug|Any CPU = Debug|Any CPU
		Release|Any CPU = Release|Any CPU
	EndGlobalSection
	GlobalSection(ProjectConfigurationPlatforms) = postSolution
		{FA825A0E-1830-4D84-8137-4C164F422653}.Debug|Any CPU.ActiveCfg = Debug|Any CPU
		{FA825A0E-1830-4D84-8137-4C164F422653}.Debug|Any CPU.Build.0 = Debug|Any CPU
		{FA825A0E-1830-4D84-8137-4C164F422653}.Release|Any CPU.ActiveCfg = Release|Any CPU
		{FA825A0E-1830-4D84-8137-4C164F422653}.Release|Any CPU.Build.0 = Release|Any CPU
		{DB4E6DFB-6911-46A7-96F3-7B6A6547B50D}.Debug|Any CPU.ActiveCfg = Debug|Any CPU
		{DB4E6DFB-6911-46A7-96F3-7B6A6547B50D}.Debug|Any CPU.Build.0 = Debug|Any CPU
		{DB4E6DFB-6911-46A7-96F3-7B6A6547B50D}.Release|Any CPU.ActiveCfg = Release|Any CPU
		{DB4E6DFB-6911-46A7-96F3-7B6A6547B50D}.Release|Any CPU.Build.0 = Release|Any CPU
		{5BF87913-443D-4582-99E7-E443345A7D4A}.Debug|Any CPU.ActiveCfg = Debug|Any CPU
		{5BF87913-443D-4582-99E7-E443345A7D4A}.Debug|Any CPU.Build.0 = Debug|Any CPU
		{5BF87913-443D-4582-99E7-E443345A7D4A}.Release|Any CPU.ActiveCfg = Release|Any CPU
		{5BF87913-443D-4582-99E7-E443345A7D4A}.Release|Any CPU.Build.0 = Release|Any CPU
		{C0612E27-5131-418B-951E-A5858C4189B8}.Debug|Any CPU.ActiveCfg = Debug|Any CPU
		{C0612E27-5131-418B-951E-A5858C4189B8}.Debug|Any CPU.Build.0 = Debug|Any CPU
		{C0612E27-5131-418B-951E-A5858C4189B8}.Release|Any CPU.ActiveCfg = Release|Any CPU
		{C0612E27-5131-418B-951E-A5858C4189B8}.Release|Any CPU.Build.0 = Release|Any CPU
		{3E5336C3-67D0-4BCB-9A06-7F0D95B1B06B}.Debug|Any CPU.ActiveCfg = Debug|Any CPU
		{3E5336C3-67D0-4BCB-9A06-7F0D95B1B06B}.Debug|Any CPU.Build.0 = Debug|Any CPU
		{3E5336C3-67D0-4BCB-9A06-7F0D95B1B06B}.Release|Any CPU.ActiveCfg = Release|Any CPU
		{3E5336C3-67D0-4BCB-9A06-7F0D95B1B06B}.Release|Any CPU.Build.0 = Release|Any CPU
		{4D4041F9-BA93-445D-9E5B-11B5DD59D33C}.Debug|Any CPU.ActiveCfg = Debug|Any CPU
		{4D4041F9-BA93-445D-9E5B-11B5DD59D33C}.Debug|Any CPU.Build.0 = Debug|Any CPU
		{4D4041F9-BA93-445D-9E5B-11B5DD59D33C}.Release|Any CPU.ActiveCfg = Release|Any CPU
		{4D4041F9-BA93-445D-9E5B-11B5DD59D33C}.Release|Any CPU.Build.0 = Release|Any CPU
		{DAD98B6E-2147-4D79-B47F-FE1871C296D0}.Debug|Any CPU.ActiveCfg = Debug|Any CPU
		{DAD98B6E-2147-4D79-B47F-FE1871C296D0}.Debug|Any CPU.Build.0 = Debug|Any CPU
		{DAD98B6E-2147-4D79-B47F-FE1871C296D0}.Release|Any CPU.ActiveCfg = Release|Any CPU
		{DAD98B6E-2147-4D79-B47F-FE1871C296D0}.Release|Any CPU.Build.0 = Release|Any CPU
	EndGlobalSection
	GlobalSection(SolutionProperties) = preSolution
		HideSolutionNode = FALSE
	EndGlobalSection
	GlobalSection(NestedProjects) = preSolution
		{FA825A0E-1830-4D84-8137-4C164F422653} = {CE16ADC6-BC02-457A-B718-B75165E63F61}
		{B1C33C90-C6D2-4C61-91B6-06945692DB28} = {1D74C57C-DEA0-4EFF-8B5C-1EBB9ADDF139}
		{DB4E6DFB-6911-46A7-96F3-7B6A6547B50D} = {B1C33C90-C6D2-4C61-91B6-06945692DB28}
		{5BF87913-443D-4582-99E7-E443345A7D4A} = {B1C33C90-C6D2-4C61-91B6-06945692DB28}
		{CE16ADC6-BC02-457A-B718-B75165E63F61} = {1D74C57C-DEA0-4EFF-8B5C-1EBB9ADDF139}
		{04741595-F5F8-4739-82EF-67145EC2D225} = {1D74C57C-DEA0-4EFF-8B5C-1EBB9ADDF139}
		{C0612E27-5131-418B-951E-A5858C4189B8} = {04741595-F5F8-4739-82EF-67145EC2D225}
		{3E5336C3-67D0-4BCB-9A06-7F0D95B1B06B} = {04741595-F5F8-4739-82EF-67145EC2D225}
		{4D4041F9-BA93-445D-9E5B-11B5DD59D33C} = {04741595-F5F8-4739-82EF-67145EC2D225}
		{AA924DDE-728A-4772-BD7E-44F5D4260D38} = {767C8E3A-75F6-4BE8-8605-F9639D9394F9}
		{1D74C57C-DEA0-4EFF-8B5C-1EBB9ADDF139} = {AA924DDE-728A-4772-BD7E-44F5D4260D38}
		{65772319-C714-4200-9A8F-87435584946B} = {767C8E3A-75F6-4BE8-8605-F9639D9394F9}
		{DAD98B6E-2147-4D79-B47F-FE1871C296D0} = {65772319-C714-4200-9A8F-87435584946B}
	EndGlobalSection
	GlobalSection(ExtensibilityGlobals) = postSolution
		SolutionGuid = {059B9613-0BC2-4EEF-AD8A-4652E6E63DF5}
	EndGlobalSection
EndGlobal
